// !$*UTF8*$!
{
 archiveVersion = 1;
 classes = {};
 objectVersion = 56;
 objects = {
/* Begin PBXBuildFile section */
  B00000000000000000000 /* AureliaApp.swift in Sources */ = {isa = PBXBuildFile; fileRef = F00000000000000000000 /* AureliaApp.swift */; };
  B00000000000000000001 /* AppModels.swift in Sources */ = {isa = PBXBuildFile; fileRef = F00000000000000000001 /* AppModels.swift */; };
  B00000000000000000002 /* DashboardViews.swift in Sources */ = {isa = PBXBuildFile; fileRef = F00000000000000000002 /* DashboardViews.swift */; };
  B00000000000000000003 /* LoggingViews.swift in Sources */ = {isa = PBXBuildFile; fileRef = F00000000000000000003 /* LoggingViews.swift */; };
  B00000000000000000004 /* HistorySettingsViews.swift in Sources */ = {isa = PBXBuildFile; fileRef = F00000000000000000004 /* HistorySettingsViews.swift */; };
  B00000000000000000005 /* Services.swift in Sources */ = {isa = PBXBuildFile; fileRef = F00000000000000000005 /* Services.swift */; };
  B00000000000000000006 /* WellnessCore.swift in Sources */ = {isa = PBXBuildFile; fileRef = F00000000000000000006 /* WellnessCore.swift */; };
  B00000000000000000007 /* AureliaTests.swift in Sources */ = {isa = PBXBuildFile; fileRef = F00000000000000000007 /* AureliaTests.swift */; };
/* End PBXBuildFile section */
/* Begin PBXFileReference section */
  F00000000000000000000 /* AureliaApp.swift */ = {isa = PBXFileReference; lastKnownFileType = sourcecode.swift; path = "Aurelia/AureliaApp.swift"; sourceTree = SOURCE_ROOT; };
  F00000000000000000001 /* AppModels.swift */ = {isa = PBXFileReference; lastKnownFileType = sourcecode.swift; path = "Aurelia/AppModels.swift"; sourceTree = SOURCE_ROOT; };
  F00000000000000000002 /* DashboardViews.swift */ = {isa = PBXFileReference; lastKnownFileType = sourcecode.swift; path = "Aurelia/DashboardViews.swift"; sourceTree = SOURCE_ROOT; };
  F00000000000000000003 /* LoggingViews.swift */ = {isa = PBXFileReference; lastKnownFileType = sourcecode.swift; path = "Aurelia/LoggingViews.swift"; sourceTree = SOURCE_ROOT; };
  F00000000000000000004 /* HistorySettingsViews.swift */ = {isa = PBXFileReference; lastKnownFileType = sourcecode.swift; path = "Aurelia/HistorySettingsViews.swift"; sourceTree = SOURCE_ROOT; };
  F00000000000000000005 /* Services.swift */ = {isa = PBXFileReference; lastKnownFileType = sourcecode.swift; path = "Aurelia/Services.swift"; sourceTree = SOURCE_ROOT; };
  F00000000000000000006 /* WellnessCore.swift */ = {isa = PBXFileReference; lastKnownFileType = sourcecode.swift; path = "Sources/WellnessCore/WellnessCore.swift"; sourceTree = SOURCE_ROOT; };
  F00000000000000000007 /* AureliaTests.swift */ = {isa = PBXFileReference; lastKnownFileType = sourcecode.swift; path = "AureliaTests/AureliaTests.swift"; sourceTree = SOURCE_ROOT; };
  F00000000000000000008 /* Info.plist */ = {isa = PBXFileReference; lastKnownFileType = text.plist.xml; path = "Aurelia/Info.plist"; sourceTree = SOURCE_ROOT; };
  F00000000000000000009 /* Aurelia.entitlements */ = {isa = PBXFileReference; lastKnownFileType = text.plist.entitlements; path = "Aurelia/Aurelia.entitlements"; sourceTree = SOURCE_ROOT; };
  PAPP = {isa = PBXFileReference; explicitFileType = wrapper.application; path = Aurelia.app; sourceTree = BUILT_PRODUCTS_DIR; };
  PTEST = {isa = PBXFileReference; explicitFileType = wrapper.cfbundle; path = AureliaTests.xctest; sourceTree = BUILT_PRODUCTS_DIR; };
/* End PBXFileReference section */
/* Begin PBXFrameworksBuildPhase section */
  FA = {isa = PBXFrameworksBuildPhase; buildActionMask = 2147483647; files = (); runOnlyForDeploymentPostprocessing = 0; };
  FT = {isa = PBXFrameworksBuildPhase; buildActionMask = 2147483647; files = (); runOnlyForDeploymentPostprocessing = 0; };
/* End PBXFrameworksBuildPhase section */
/* Begin PBXGroup section */
  MAIN = {isa = PBXGroup; children = (F00000000000000000000,F00000000000000000001,F00000000000000000002,F00000000000000000003,F00000000000000000004,F00000000000000000005,F00000000000000000006,F00000000000000000007,F00000000000000000008,F00000000000000000009, PRODUCTS); sourceTree = "<group>"; };
  PRODUCTS = {isa = PBXGroup; children = (PAPP, PTEST); name = Products; sourceTree = "<group>"; };
/* End PBXGroup section */
/* Begin PBXNativeTarget section */
  APP = {isa = PBXNativeTarget; buildConfigurationList = CLAPP; buildPhases = (SA, FA, RA); buildRules = (); dependencies = (); name = Aurelia; productName = Aurelia; productReference = PAPP; productType = "com.apple.product-type.application"; };
  TEST = {isa = PBXNativeTarget; buildConfigurationList = CLTEST; buildPhases = (ST, FT, RT); buildRules = (); dependencies = (DEP); name = AureliaTests; productName = AureliaTests; productReference = PTEST; productType = "com.apple.product-type.bundle.unit-test"; };
/* End PBXNativeTarget section */
/* Begin PBXContainerItemProxy section */
  PROXY = {isa = PBXContainerItemProxy; containerPortal = PROJ; proxyType = 1; remoteGlobalIDString = APP; remoteInfo = Aurelia; };
/* End PBXContainerItemProxy section */
/* Begin PBXTargetDependency section */
  DEP = {isa = PBXTargetDependency; target = APP; targetProxy = PROXY; };
/* End PBXTargetDependency section */
/* Begin PBXProject section */
  PROJ = {isa = PBXProject; attributes = {BuildIndependentTargetsInParallel = YES; LastSwiftUpdateCheck = 1600; LastUpgradeCheck = 1600; TargetAttributes = {APP = {CreatedOnToolsVersion = 16.0;}; TEST = {CreatedOnToolsVersion = 16.0; TestTargetID = APP;};};}; buildConfigurationList = CLPROJ; compatibilityVersion = "Xcode 14.0"; developmentRegion = en; hasScannedForEncodings = 0; knownRegions = (en, Base); mainGroup = MAIN; productRefGroup = PRODUCTS; projectDirPath = ""; projectRoot = ""; targets = (APP, TEST); };
/* End PBXProject section */
/* Begin PBXResourcesBuildPhase section */
 RA = {isa = PBXResourcesBuildPhase; buildActionMask = 2147483647; files = (); runOnlyForDeploymentPostprocessing = 0; };
 RT = {isa = PBXResourcesBuildPhase; buildActionMask = 2147483647; files = (); runOnlyForDeploymentPostprocessing = 0; };
/* End PBXResourcesBuildPhase section */
/* Begin PBXSourcesBuildPhase section */
 SA = {isa = PBXSourcesBuildPhase; buildActionMask = 2147483647; files = (B00000000000000000000,B00000000000000000001,B00000000000000000002,B00000000000000000003,B00000000000000000004,B00000000000000000005,B00000000000000000006); runOnlyForDeploymentPostprocessing = 0; };
 ST = {isa = PBXSourcesBuildPhase; buildActionMask = 2147483647; files = (B00000000000000000007); runOnlyForDeploymentPostprocessing = 0; };
/* End PBXSourcesBuildPhase section */
/* Begin XCBuildConfiguration section */
 DP = {isa = XCBuildConfiguration; buildSettings = {CLANG_ENABLE_MODULES = YES; SWIFT_VERSION = 6.0; IPHONEOS_DEPLOYMENT_TARGET = 17.0;}; name = Debug; };
 RP = {isa = XCBuildConfiguration; buildSettings = {CLANG_ENABLE_MODULES = YES; SWIFT_VERSION = 6.0; IPHONEOS_DEPLOYMENT_TARGET = 17.0;}; name = Release; };
 DA = {isa = XCBuildConfiguration; buildSettings = {CLANG_ENABLE_MODULES = YES; SWIFT_VERSION = 6.0; IPHONEOS_DEPLOYMENT_TARGET = 17.0; PRODUCT_BUNDLE_IDENTIFIER = com.example.Aurelia; PRODUCT_NAME = "$(TARGET_NAME)"; INFOPLIST_FILE = Aurelia/Info.plist; CODE_SIGN_ENTITLEMENTS = Aurelia/Aurelia.entitlements; CODE_SIGN_STYLE = Automatic; GENERATE_INFOPLIST_FILE = NO; TARGETED_DEVICE_FAMILY = 1; ASSETCATALOG_COMPILER_APPICON_NAME = AppIcon;}; name = Debug; };
 RA2 = {isa = XCBuildConfiguration; buildSettings = {CLANG_ENABLE_MODULES = YES; SWIFT_VERSION = 6.0; IPHONEOS_DEPLOYMENT_TARGET = 17.0; PRODUCT_BUNDLE_IDENTIFIER = com.example.Aurelia; PRODUCT_NAME = "$(TARGET_NAME)"; INFOPLIST_FILE = Aurelia/Info.plist; CODE_SIGN_ENTITLEMENTS = Aurelia/Aurelia.entitlements; CODE_SIGN_STYLE = Automatic; GENERATE_INFOPLIST_FILE = NO; TARGETED_DEVICE_FAMILY = 1; ASSETCATALOG_COMPILER_APPICON_NAME = AppIcon;}; name = Release; };
 DT = {isa = XCBuildConfiguration; buildSettings = {CLANG_ENABLE_MODULES = YES; SWIFT_VERSION = 6.0; IPHONEOS_DEPLOYMENT_TARGET = 17.0; PRODUCT_BUNDLE_IDENTIFIER = com.example.AureliaTests; PRODUCT_NAME = "$(TARGET_NAME)"; GENERATE_INFOPLIST_FILE = YES; TEST_HOST = "$(BUILT_PRODUCTS_DIR)/Aurelia.app/Aurelia"; BUNDLE_LOADER = "$(TEST_HOST)";}; name = Debug; };
 RT2 = {isa = XCBuildConfiguration; buildSettings = {CLANG_ENABLE_MODULES = YES; SWIFT_VERSION = 6.0; IPHONEOS_DEPLOYMENT_TARGET = 17.0; PRODUCT_BUNDLE_IDENTIFIER = com.example.AureliaTests; PRODUCT_NAME = "$(TARGET_NAME)"; GENERATE_INFOPLIST_FILE = YES; TEST_HOST = "$(BUILT_PRODUCTS_DIR)/Aurelia.app/Aurelia"; BUNDLE_LOADER = "$(TEST_HOST)";}; name = Release; };
/* End XCBuildConfiguration section */
/* Begin XCConfigurationList section */
 CLPROJ = {isa = XCConfigurationList; buildConfigurations = (DP, RP); defaultConfigurationIsVisible = 0; defaultConfigurationName = Release; };
 CLAPP = {isa = XCConfigurationList; buildConfigurations = (DA, RA2); defaultConfigurationIsVisible = 0; defaultConfigurationName = Release; };
 CLTEST = {isa = XCConfigurationList; buildConfigurations = (DT, RT2); defaultConfigurationIsVisible = 0; defaultConfigurationName = Release; };
/* End XCConfigurationList section */
 };
 rootObject = PROJ;
}