// !$*UTF8*$!
{
	archiveVersion = 1;
	classes = {
	};
	objectVersion = 56;
	objects = {

/* Begin PBXBuildFile section */
		A1B2C3D000000000000000A0 /* AureliaApp.swift in Sources */ = {isa = PBXBuildFile; fileRef = A1B2C3D000000000000000B0 /* AureliaApp.swift */; };
		A1B2C3D000000000000000A1 /* AppModels.swift in Sources */ = {isa = PBXBuildFile; fileRef = A1B2C3D000000000000000B1 /* AppModels.swift */; };
		A1B2C3D000000000000000A5 /* Services.swift in Sources */ = {isa = PBXBuildFile; fileRef = A1B2C3D000000000000000B5 /* Services.swift */; };
		A1B2C3D000000000000000A6 /* WellnessCore.swift in Sources */ = {isa = PBXBuildFile; fileRef = A1B2C3D000000000000000B6 /* WellnessCore.swift */; };
		A1B2C3D000000000000000A7 /* Assets.xcassets in Resources */ = {isa = PBXBuildFile; fileRef = A1B2C3D000000000000000B7 /* Assets.xcassets */; };
		A1B2C3D000000000000000A8 /* AureliaTests.swift in Sources */ = {isa = PBXBuildFile; fileRef = A1B2C3D000000000000000B8 /* AureliaTests.swift */; };
		A1B2C3D000000000000000A9 /* Persistence.swift in Sources */ = {isa = PBXBuildFile; fileRef = A1B2C3D000000000000000BF /* Persistence.swift */; };
		A1B2C3D000000000000000AA /* ExportService.swift in Sources */ = {isa = PBXBuildFile; fileRef = A1B2C3D000000000000000C2 /* ExportService.swift */; };
		A1B2C3D000000000000000AB /* DataExport.swift in Sources */ = {isa = PBXBuildFile; fileRef = A1B2C3D000000000000000C3 /* DataExport.swift */; };
		A1B2C3D0000000000000A100 /* OnboardingView.swift in Sources */ = {isa = PBXBuildFile; fileRef = A1B2C3D0000000000000B100 /* OnboardingView.swift */; };
		A1B2C3D0000000000000A101 /* TodayView.swift in Sources */ = {isa = PBXBuildFile; fileRef = A1B2C3D0000000000000B101 /* TodayView.swift */; };
		A1B2C3D0000000000000A102 /* FoodViews.swift in Sources */ = {isa = PBXBuildFile; fileRef = A1B2C3D0000000000000B102 /* FoodViews.swift */; };
		A1B2C3D0000000000000A103 /* WorkoutViews.swift in Sources */ = {isa = PBXBuildFile; fileRef = A1B2C3D0000000000000B103 /* WorkoutViews.swift */; };
		A1B2C3D0000000000000A104 /* HistoryViews.swift in Sources */ = {isa = PBXBuildFile; fileRef = A1B2C3D0000000000000B104 /* HistoryViews.swift */; };
		A1B2C3D0000000000000A105 /* ProgressViews.swift in Sources */ = {isa = PBXBuildFile; fileRef = A1B2C3D0000000000000B105 /* ProgressViews.swift */; };
		A1B2C3D0000000000000A106 /* SettingsView.swift in Sources */ = {isa = PBXBuildFile; fileRef = A1B2C3D0000000000000B106 /* SettingsView.swift */; };
		A1B2C3D0000000000000A107 /* HealthSync.swift in Sources */ = {isa = PBXBuildFile; fileRef = A1B2C3D0000000000000B107 /* HealthSync.swift */; };
		A1B2C3D0000000000000A108 /* DemoData.swift in Sources */ = {isa = PBXBuildFile; fileRef = A1B2C3D0000000000000B108 /* DemoData.swift */; };
		A1B2C3D0000000000000A109 /* Presentation.swift in Sources */ = {isa = PBXBuildFile; fileRef = A1B2C3D0000000000000B109 /* Presentation.swift */; };
/* End PBXBuildFile section */

/* Begin PBXContainerItemProxy section */
		A1B2C3D000000000000000C0 /* PBXContainerItemProxy */ = {
			isa = PBXContainerItemProxy;
			containerPortal = A1B2C3D000000000000000E0 /* Project object */;
			proxyType = 1;
			remoteGlobalIDString = A1B2C3D000000000000000D0;
			remoteInfo = Aurelia;
		};
/* End PBXContainerItemProxy section */

/* Begin PBXFileReference section */
		A1B2C3D000000000000000B0 /* AureliaApp.swift */ = {isa = PBXFileReference; lastKnownFileType = sourcecode.swift; path = AureliaApp.swift; sourceTree = "<group>"; };
		A1B2C3D000000000000000B1 /* AppModels.swift */ = {isa = PBXFileReference; lastKnownFileType = sourcecode.swift; path = AppModels.swift; sourceTree = "<group>"; };
		A1B2C3D000000000000000B5 /* Services.swift */ = {isa = PBXFileReference; lastKnownFileType = sourcecode.swift; path = Services.swift; sourceTree = "<group>"; };
		A1B2C3D000000000000000B6 /* WellnessCore.swift */ = {isa = PBXFileReference; lastKnownFileType = sourcecode.swift; path = WellnessCore.swift; sourceTree = "<group>"; };
		A1B2C3D000000000000000B7 /* Assets.xcassets */ = {isa = PBXFileReference; lastKnownFileType = folder.assetcatalog; path = Assets.xcassets; sourceTree = "<group>"; };
		A1B2C3D000000000000000B8 /* AureliaTests.swift */ = {isa = PBXFileReference; lastKnownFileType = sourcecode.swift; path = AureliaTests.swift; sourceTree = "<group>"; };
		A1B2C3D000000000000000BF /* Persistence.swift */ = {isa = PBXFileReference; lastKnownFileType = sourcecode.swift; path = Persistence.swift; sourceTree = "<group>"; };
		A1B2C3D000000000000000C2 /* ExportService.swift */ = {isa = PBXFileReference; lastKnownFileType = sourcecode.swift; path = ExportService.swift; sourceTree = "<group>"; };
		A1B2C3D000000000000000C3 /* DataExport.swift */ = {isa = PBXFileReference; lastKnownFileType = sourcecode.swift; path = DataExport.swift; sourceTree = "<group>"; };
		A1B2C3D000000000000000B9 /* Info.plist */ = {isa = PBXFileReference; lastKnownFileType = text.plist.xml; path = Info.plist; sourceTree = "<group>"; };
		A1B2C3D000000000000000BA /* Aurelia.entitlements */ = {isa = PBXFileReference; lastKnownFileType = text.plist.entitlements; path = Aurelia.entitlements; sourceTree = "<group>"; };
		A1B2C3D000000000000000BB /* Base.xcconfig */ = {isa = PBXFileReference; lastKnownFileType = text.xcconfig; path = Base.xcconfig; sourceTree = "<group>"; };
		A1B2C3D000000000000000BC /* Secrets.xcconfig.example */ = {isa = PBXFileReference; lastKnownFileType = text; path = Secrets.xcconfig.example; sourceTree = "<group>"; };
		A1B2C3D000000000000000BD /* Aurelia.app */ = {isa = PBXFileReference; explicitFileType = wrapper.application; includeInIndex = 0; path = Aurelia.app; sourceTree = BUILT_PRODUCTS_DIR; };
		A1B2C3D000000000000000BE /* AureliaTests.xctest */ = {isa = PBXFileReference; explicitFileType = wrapper.cfbundle; includeInIndex = 0; path = AureliaTests.xctest; sourceTree = BUILT_PRODUCTS_DIR; };
		A1B2C3D0000000000000B100 /* OnboardingView.swift */ = {isa = PBXFileReference; lastKnownFileType = sourcecode.swift; path = OnboardingView.swift; sourceTree = "<group>"; };
		A1B2C3D0000000000000B101 /* TodayView.swift */ = {isa = PBXFileReference; lastKnownFileType = sourcecode.swift; path = TodayView.swift; sourceTree = "<group>"; };
		A1B2C3D0000000000000B102 /* FoodViews.swift */ = {isa = PBXFileReference; lastKnownFileType = sourcecode.swift; path = FoodViews.swift; sourceTree = "<group>"; };
		A1B2C3D0000000000000B103 /* WorkoutViews.swift */ = {isa = PBXFileReference; lastKnownFileType = sourcecode.swift; path = WorkoutViews.swift; sourceTree = "<group>"; };
		A1B2C3D0000000000000B104 /* HistoryViews.swift */ = {isa = PBXFileReference; lastKnownFileType = sourcecode.swift; path = HistoryViews.swift; sourceTree = "<group>"; };
		A1B2C3D0000000000000B105 /* ProgressViews.swift */ = {isa = PBXFileReference; lastKnownFileType = sourcecode.swift; path = ProgressViews.swift; sourceTree = "<group>"; };
		A1B2C3D0000000000000B106 /* SettingsView.swift */ = {isa = PBXFileReference; lastKnownFileType = sourcecode.swift; path = SettingsView.swift; sourceTree = "<group>"; };
		A1B2C3D0000000000000B107 /* HealthSync.swift */ = {isa = PBXFileReference; lastKnownFileType = sourcecode.swift; path = HealthSync.swift; sourceTree = "<group>"; };
		A1B2C3D0000000000000B108 /* DemoData.swift */ = {isa = PBXFileReference; lastKnownFileType = sourcecode.swift; path = DemoData.swift; sourceTree = "<group>"; };
		A1B2C3D0000000000000B109 /* Presentation.swift */ = {isa = PBXFileReference; lastKnownFileType = sourcecode.swift; path = Presentation.swift; sourceTree = "<group>"; };
/* End PBXFileReference section */

/* Begin PBXFrameworksBuildPhase section */
		A1B2C3D000000000000000F0 /* Frameworks */ = {
			isa = PBXFrameworksBuildPhase;
			buildActionMask = 2147483647;
			files = (
			);
			runOnlyForDeploymentPostprocessing = 0;
		};
		A1B2C3D000000000000000F1 /* Frameworks */ = {
			isa = PBXFrameworksBuildPhase;
			buildActionMask = 2147483647;
			files = (
			);
			runOnlyForDeploymentPostprocessing = 0;
		};
/* End PBXFrameworksBuildPhase section */

/* Begin PBXGroup section */
		A1B2C3D0000000000000010A = {
			isa = PBXGroup;
			children = (
				A1B2C3D0000000000000010B /* Aurelia */,
				A1B2C3D0000000000000010C /* WellnessCore */,
				A1B2C3D0000000000000010D /* AureliaTests */,
				A1B2C3D0000000000000010E /* Config */,
				A1B2C3D0000000000000010F /* Products */,
			);
			sourceTree = "<group>";
		};
		A1B2C3D0000000000000010B /* Aurelia */ = {
			isa = PBXGroup;
			children = (
				A1B2C3D000000000000000B0 /* AureliaApp.swift */,
				A1B2C3D000000000000000B1 /* AppModels.swift */,
				A1B2C3D000000000000000B5 /* Services.swift */,
				A1B2C3D000000000000000BF /* Persistence.swift */,
				A1B2C3D000000000000000C2 /* ExportService.swift */,
				A1B2C3D0000000000000B100 /* OnboardingView.swift */,
				A1B2C3D0000000000000B101 /* TodayView.swift */,
				A1B2C3D0000000000000B102 /* FoodViews.swift */,
				A1B2C3D0000000000000B103 /* WorkoutViews.swift */,
				A1B2C3D0000000000000B104 /* HistoryViews.swift */,
				A1B2C3D0000000000000B105 /* ProgressViews.swift */,
				A1B2C3D0000000000000B106 /* SettingsView.swift */,
				A1B2C3D0000000000000B107 /* HealthSync.swift */,
				A1B2C3D0000000000000B108 /* DemoData.swift */,
				A1B2C3D000000000000000B7 /* Assets.xcassets */,
				A1B2C3D000000000000000B9 /* Info.plist */,
				A1B2C3D000000000000000BA /* Aurelia.entitlements */,
			);
			path = Aurelia;
			sourceTree = "<group>";
		};
		A1B2C3D0000000000000010C /* WellnessCore */ = {
			isa = PBXGroup;
			children = (
				A1B2C3D000000000000000B6 /* WellnessCore.swift */,
				A1B2C3D000000000000000C3 /* DataExport.swift */,
				A1B2C3D0000000000000B109 /* Presentation.swift */,
			);
			name = WellnessCore;
			path = Sources/WellnessCore;
			sourceTree = "<group>";
		};
		A1B2C3D0000000000000010D /* AureliaTests */ = {
			isa = PBXGroup;
			children = (
				A1B2C3D000000000000000B8 /* AureliaTests.swift */,
			);
			path = AureliaTests;
			sourceTree = "<group>";
		};
		A1B2C3D0000000000000010E /* Config */ = {
			isa = PBXGroup;
			children = (
				A1B2C3D000000000000000BB /* Base.xcconfig */,
				A1B2C3D000000000000000BC /* Secrets.xcconfig.example */,
			);
			path = Config;
			sourceTree = "<group>";
		};
		A1B2C3D0000000000000010F /* Products */ = {
			isa = PBXGroup;
			children = (
				A1B2C3D000000000000000BD /* Aurelia.app */,
				A1B2C3D000000000000000BE /* AureliaTests.xctest */,
			);
			name = Products;
			sourceTree = "<group>";
		};
/* End PBXGroup section */

/* Begin PBXNativeTarget section */
		A1B2C3D000000000000000D0 /* Aurelia */ = {
			isa = PBXNativeTarget;
			buildConfigurationList = A1B2C3D0000000000000012A /* Build configuration list for PBXNativeTarget "Aurelia" */;
			buildPhases = (
				A1B2C3D000000000000000FA /* Sources */,
				A1B2C3D000000000000000F0 /* Frameworks */,
				A1B2C3D000000000000000FC /* Resources */,
			);
			buildRules = (
			);
			dependencies = (
			);
			name = Aurelia;
			productName = Aurelia;
			productReference = A1B2C3D000000000000000BD /* Aurelia.app */;
			productType = "com.apple.product-type.application";
		};
		A1B2C3D000000000000000D1 /* AureliaTests */ = {
			isa = PBXNativeTarget;
			buildConfigurationList = A1B2C3D0000000000000012B /* Build configuration list for PBXNativeTarget "AureliaTests" */;
			buildPhases = (
				A1B2C3D000000000000000FB /* Sources */,
				A1B2C3D000000000000000F1 /* Frameworks */,
				A1B2C3D000000000000000FD /* Resources */,
			);
			buildRules = (
			);
			dependencies = (
				A1B2C3D000000000000000C1 /* PBXTargetDependency */,
			);
			name = AureliaTests;
			productName = AureliaTests;
			productReference = A1B2C3D000000000000000BE /* AureliaTests.xctest */;
			productType = "com.apple.product-type.bundle.unit-test";
		};
/* End PBXNativeTarget section */

/* Begin PBXProject section */
		A1B2C3D000000000000000E0 /* Project object */ = {
			isa = PBXProject;
			attributes = {
				BuildIndependentTargetsInParallel = 1;
				LastSwiftUpdateCheck = 1600;
				LastUpgradeCheck = 1600;
				TargetAttributes = {
					A1B2C3D000000000000000D0 = {
						CreatedOnToolsVersion = 16.0;
					};
					A1B2C3D000000000000000D1 = {
						CreatedOnToolsVersion = 16.0;
						TestTargetID = A1B2C3D000000000000000D0;
					};
				};
			};
			buildConfigurationList = A1B2C3D0000000000000012C /* Build configuration list for PBXProject "Aurelia" */;
			compatibilityVersion = "Xcode 14.0";
			developmentRegion = en;
			hasScannedForEncodings = 0;
			knownRegions = (
				en,
				Base,
			);
			mainGroup = A1B2C3D0000000000000010A;
			productRefGroup = A1B2C3D0000000000000010F /* Products */;
			projectDirPath = "";
			projectRoot = "";
			targets = (
				A1B2C3D000000000000000D0 /* Aurelia */,
				A1B2C3D000000000000000D1 /* AureliaTests */,
			);
		};
/* End PBXProject section */

/* Begin PBXResourcesBuildPhase section */
		A1B2C3D000000000000000FC /* Resources */ = {
			isa = PBXResourcesBuildPhase;
			buildActionMask = 2147483647;
			files = (
				A1B2C3D000000000000000A7 /* Assets.xcassets in Resources */,
			);
			runOnlyForDeploymentPostprocessing = 0;
		};
		A1B2C3D000000000000000FD /* Resources */ = {
			isa = PBXResourcesBuildPhase;
			buildActionMask = 2147483647;
			files = (
			);
			runOnlyForDeploymentPostprocessing = 0;
		};
/* End PBXResourcesBuildPhase section */

/* Begin PBXSourcesBuildPhase section */
		A1B2C3D000000000000000FA /* Sources */ = {
			isa = PBXSourcesBuildPhase;
			buildActionMask = 2147483647;
			files = (
				A1B2C3D000000000000000A0 /* AureliaApp.swift in Sources */,
				A1B2C3D000000000000000A1 /* AppModels.swift in Sources */,
				A1B2C3D000000000000000A5 /* Services.swift in Sources */,
				A1B2C3D000000000000000A6 /* WellnessCore.swift in Sources */,
				A1B2C3D000000000000000A9 /* Persistence.swift in Sources */,
				A1B2C3D000000000000000AA /* ExportService.swift in Sources */,
				A1B2C3D000000000000000AB /* DataExport.swift in Sources */,
				A1B2C3D0000000000000A100 /* OnboardingView.swift in Sources */,
				A1B2C3D0000000000000A101 /* TodayView.swift in Sources */,
				A1B2C3D0000000000000A102 /* FoodViews.swift in Sources */,
				A1B2C3D0000000000000A103 /* WorkoutViews.swift in Sources */,
				A1B2C3D0000000000000A104 /* HistoryViews.swift in Sources */,
				A1B2C3D0000000000000A105 /* ProgressViews.swift in Sources */,
				A1B2C3D0000000000000A106 /* SettingsView.swift in Sources */,
				A1B2C3D0000000000000A107 /* HealthSync.swift in Sources */,
				A1B2C3D0000000000000A108 /* DemoData.swift in Sources */,
				A1B2C3D0000000000000A109 /* Presentation.swift in Sources */,
			);
			runOnlyForDeploymentPostprocessing = 0;
		};
		A1B2C3D000000000000000FB /* Sources */ = {
			isa = PBXSourcesBuildPhase;
			buildActionMask = 2147483647;
			files = (
				A1B2C3D000000000000000A8 /* AureliaTests.swift in Sources */,
			);
			runOnlyForDeploymentPostprocessing = 0;
		};
/* End PBXSourcesBuildPhase section */

/* Begin PBXTargetDependency section */
		A1B2C3D000000000000000C1 /* PBXTargetDependency */ = {
			isa = PBXTargetDependency;
			target = A1B2C3D000000000000000D0 /* Aurelia */;
			targetProxy = A1B2C3D000000000000000C0 /* PBXContainerItemProxy */;
		};
/* End PBXTargetDependency section */

/* Begin XCBuildConfiguration section */
		A1B2C3D0000000000000011A /* Debug */ = {
			isa = XCBuildConfiguration;
			buildSettings = {
				ALWAYS_SEARCH_USER_PATHS = NO;
				CLANG_ANALYZER_NONNULL = YES;
				CLANG_ENABLE_MODULES = YES;
				CLANG_ENABLE_OBJC_ARC = YES;
				COPY_PHASE_STRIP = NO;
				DEBUG_INFORMATION_FORMAT = dwarf;
				ENABLE_STRICT_OBJC_MSGSEND = YES;
				ENABLE_TESTABILITY = YES;
				GCC_NO_COMMON_BLOCKS = YES;
				GCC_OPTIMIZATION_LEVEL = 0;
				GCC_PREPROCESSOR_DEFINITIONS = (
					"DEBUG=1",
					"$(inherited)",
				);
				IPHONEOS_DEPLOYMENT_TARGET = 17.0;
				MTL_ENABLE_DEBUG_INFO = INCLUDE_SOURCE;
				MTL_FAST_MATH = YES;
				ONLY_ACTIVE_ARCH = YES;
				SDKROOT = iphoneos;
				SWIFT_ACTIVE_COMPILATION_CONDITIONS = "DEBUG $(inherited)";
				SWIFT_OPTIMIZATION_LEVEL = "-Onone";
				SWIFT_VERSION = 5.0;
			};
			name = Debug;
		};
		A1B2C3D0000000000000011B /* Release */ = {
			isa = XCBuildConfiguration;
			buildSettings = {
				ALWAYS_SEARCH_USER_PATHS = NO;
				CLANG_ANALYZER_NONNULL = YES;
				CLANG_ENABLE_MODULES = YES;
				CLANG_ENABLE_OBJC_ARC = YES;
				COPY_PHASE_STRIP = NO;
				DEBUG_INFORMATION_FORMAT = "dwarf-with-dsym";
				ENABLE_NS_ASSERTIONS = NO;
				ENABLE_STRICT_OBJC_MSGSEND = YES;
				GCC_NO_COMMON_BLOCKS = YES;
				IPHONEOS_DEPLOYMENT_TARGET = 17.0;
				MTL_ENABLE_DEBUG_INFO = NO;
				MTL_FAST_MATH = YES;
				SDKROOT = iphoneos;
				SWIFT_COMPILATION_MODE = wholemodule;
				SWIFT_VERSION = 5.0;
				VALIDATE_PRODUCT = YES;
			};
			name = Release;
		};
		A1B2C3D0000000000000011C /* Debug */ = {
			isa = XCBuildConfiguration;
			baseConfigurationReference = A1B2C3D000000000000000BB /* Base.xcconfig */;
			buildSettings = {
				ASSETCATALOG_COMPILER_APPICON_NAME = AppIcon;
				ASSETCATALOG_COMPILER_GLOBAL_ACCENT_COLOR_NAME = AccentColor;
				CODE_SIGN_ENTITLEMENTS = Aurelia/Aurelia.entitlements;
				CODE_SIGN_STYLE = Automatic;
				CURRENT_PROJECT_VERSION = 1;
				ENABLE_PREVIEWS = YES;
				GENERATE_INFOPLIST_FILE = NO;
				INFOPLIST_FILE = Aurelia/Info.plist;
				LD_RUNPATH_SEARCH_PATHS = (
					"$(inherited)",
					"@executable_path/Frameworks",
				);
				MARKETING_VERSION = 1.0;
				PRODUCT_NAME = "$(TARGET_NAME)";
				SUPPORTED_PLATFORMS = "iphoneos iphonesimulator";
				SUPPORTS_MACCATALYST = NO;
				SUPPORTS_MAC_DESIGNED_FOR_IPHONE_IPAD = NO;
				SWIFT_EMIT_LOC_STRINGS = YES;
				TARGETED_DEVICE_FAMILY = 1;
			};
			name = Debug;
		};
		A1B2C3D0000000000000011D /* Release */ = {
			isa = XCBuildConfiguration;
			baseConfigurationReference = A1B2C3D000000000000000BB /* Base.xcconfig */;
			buildSettings = {
				ASSETCATALOG_COMPILER_APPICON_NAME = AppIcon;
				ASSETCATALOG_COMPILER_GLOBAL_ACCENT_COLOR_NAME = AccentColor;
				CODE_SIGN_ENTITLEMENTS = Aurelia/Aurelia.entitlements;
				CODE_SIGN_STYLE = Automatic;
				CURRENT_PROJECT_VERSION = 1;
				ENABLE_PREVIEWS = YES;
				GENERATE_INFOPLIST_FILE = NO;
				INFOPLIST_FILE = Aurelia/Info.plist;
				LD_RUNPATH_SEARCH_PATHS = (
					"$(inherited)",
					"@executable_path/Frameworks",
				);
				MARKETING_VERSION = 1.0;
				PRODUCT_NAME = "$(TARGET_NAME)";
				SUPPORTED_PLATFORMS = "iphoneos iphonesimulator";
				SUPPORTS_MACCATALYST = NO;
				SUPPORTS_MAC_DESIGNED_FOR_IPHONE_IPAD = NO;
				SWIFT_EMIT_LOC_STRINGS = YES;
				TARGETED_DEVICE_FAMILY = 1;
			};
			name = Release;
		};
		A1B2C3D0000000000000011E /* Debug */ = {
			isa = XCBuildConfiguration;
			baseConfigurationReference = A1B2C3D000000000000000BB /* Base.xcconfig */;
			buildSettings = {
				BUNDLE_LOADER = "$(TEST_HOST)";
				CODE_SIGN_STYLE = Automatic;
				CURRENT_PROJECT_VERSION = 1;
				GENERATE_INFOPLIST_FILE = YES;
				MARKETING_VERSION = 1.0;
				PRODUCT_BUNDLE_IDENTIFIER = com.example.AureliaTests;
				PRODUCT_NAME = "$(TARGET_NAME)";
				TARGETED_DEVICE_FAMILY = 1;
				TEST_HOST = "$(BUILT_PRODUCTS_DIR)/Aurelia.app/Aurelia";
			};
			name = Debug;
		};
		A1B2C3D0000000000000011F /* Release */ = {
			isa = XCBuildConfiguration;
			baseConfigurationReference = A1B2C3D000000000000000BB /* Base.xcconfig */;
			buildSettings = {
				BUNDLE_LOADER = "$(TEST_HOST)";
				CODE_SIGN_STYLE = Automatic;
				CURRENT_PROJECT_VERSION = 1;
				GENERATE_INFOPLIST_FILE = YES;
				MARKETING_VERSION = 1.0;
				PRODUCT_BUNDLE_IDENTIFIER = com.example.AureliaTests;
				PRODUCT_NAME = "$(TARGET_NAME)";
				TARGETED_DEVICE_FAMILY = 1;
				TEST_HOST = "$(BUILT_PRODUCTS_DIR)/Aurelia.app/Aurelia";
			};
			name = Release;
		};
/* End XCBuildConfiguration section */

/* Begin XCConfigurationList section */
		A1B2C3D0000000000000012A /* Build configuration list for PBXNativeTarget "Aurelia" */ = {
			isa = XCConfigurationList;
			buildConfigurations = (
				A1B2C3D0000000000000011C /* Debug */,
				A1B2C3D0000000000000011D /* Release */,
			);
			defaultConfigurationIsVisible = 0;
			defaultConfigurationName = Release;
		};
		A1B2C3D0000000000000012B /* Build configuration list for PBXNativeTarget "AureliaTests" */ = {
			isa = XCConfigurationList;
			buildConfigurations = (
				A1B2C3D0000000000000011E /* Debug */,
				A1B2C3D0000000000000011F /* Release */,
			);
			defaultConfigurationIsVisible = 0;
			defaultConfigurationName = Release;
		};
		A1B2C3D0000000000000012C /* Build configuration list for PBXProject "Aurelia" */ = {
			isa = XCConfigurationList;
			buildConfigurations = (
				A1B2C3D0000000000000011A /* Debug */,
				A1B2C3D0000000000000011B /* Release */,
			);
			defaultConfigurationIsVisible = 0;
			defaultConfigurationName = Release;
		};
/* End XCConfigurationList section */
	};
	rootObject = A1B2C3D000000000000000E0 /* Project object */;
}
